// !$*UTF8*$!
{
	archiveVersion = 1;
	classes = {
	};
	objectVersion = 56;
	objects = {

/* Begin PBXBuildFile section */
		845B542D2B49112600084428 /* NewYearFireworksTwentyFour.swift in Sources */ = {isa = PBXBuildFile; fileRef = 84BD2A282B429191004E72EC /* NewYearFireworksTwentyFour.swift */; };
		845B542F2B49117200084428 /* FlowerPotView.swift in Sources */ = {isa = PBXBuildFile; fileRef = 846683632B482421005E2879 /* FlowerPotView.swift */; };
		8464901C2B0067D500418B05 /* RealityKitContent in Frameworks */ = {isa = PBXBuildFile; productRef = 8464901B2B0067D500418B05 /* RealityKitContent */; };
		8464901E2B0067D500418B05 /* OpenvisionOSApp.swift in Sources */ = {isa = PBXBuildFile; fileRef = 8464901D2B0067D500418B05 /* OpenvisionOSApp.swift */; };
		846490202B0067D500418B05 /* AirPodsMaxAnimation.swift in Sources */ = {isa = PBXBuildFile; fileRef = 8464901F2B0067D500418B05 /* AirPodsMaxAnimation.swift */; };
		846490222B0067D900418B05 /* Assets.xcassets in Resources */ = {isa = PBXBuildFile; fileRef = 846490212B0067D900418B05 /* Assets.xcassets */; };
		846490252B0067D900418B05 /* Preview Assets.xcassets in Resources */ = {isa = PBXBuildFile; fileRef = 846490242B0067D900418B05 /* Preview Assets.xcassets */; };
		8464902F2B0067D900418B05 /* OpenvisionOSTests.swift in Sources */ = {isa = PBXBuildFile; fileRef = 8464902E2B0067D900418B05 /* OpenvisionOSTests.swift */; };
		846490392B00680800418B05 /* Airpods_Max.usdz in Resources */ = {isa = PBXBuildFile; fileRef = 846490382B00680800418B05 /* Airpods_Max.usdz */; };
		8464903B2B006E3D00418B05 /* kulaklıksketchfab.usdz in Resources */ = {isa = PBXBuildFile; fileRef = 8464903A2B006E3D00418B05 /* kulaklıksketchfab.usdz */; };
		8464903D2B006E4900418B05 /* Airpods_Max_Pink.usdz in Resources */ = {isa = PBXBuildFile; fileRef = 8464903C2B006E4900418B05 /* Airpods_Max_Pink.usdz */; };
		846683642B482421005E2879 /* FlowerPotView.swift in Sources */ = {isa = PBXBuildFile; fileRef = 846683632B482421005E2879 /* FlowerPotView.swift */; };
		8466836C2B4833A1005E2879 /* Flower-Port.usdz in Resources */ = {isa = PBXBuildFile; fileRef = 8466836B2B4833A1005E2879 /* Flower-Port.usdz */; };
		8466836D2B4833A1005E2879 /* Flower-Port.usdz in Resources */ = {isa = PBXBuildFile; fileRef = 8466836B2B4833A1005E2879 /* Flower-Port.usdz */; };
		8466836F2B4833BA005E2879 /* BgSparcle.usdz in Resources */ = {isa = PBXBuildFile; fileRef = 8466836E2B4833BA005E2879 /* BgSparcle.usdz */; };
		846683702B4833BA005E2879 /* BgSparcle.usdz in Resources */ = {isa = PBXBuildFile; fileRef = 8466836E2B4833BA005E2879 /* BgSparcle.usdz */; };
		846683722B4833C4005E2879 /* pointSparkle.usdz in Resources */ = {isa = PBXBuildFile; fileRef = 846683712B4833C4005E2879 /* pointSparkle.usdz */; };
		846683732B4833C4005E2879 /* pointSparkle.usdz in Resources */ = {isa = PBXBuildFile; fileRef = 846683712B4833C4005E2879 /* pointSparkle.usdz */; };
		84BD2A292B429191004E72EC /* NewYearFireworksTwentyFour.swift in Sources */ = {isa = PBXBuildFile; fileRef = 84BD2A282B429191004E72EC /* NewYearFireworksTwentyFour.swift */; };
		84BD2A2B2B4291F9004E72EC /* newYear.usdz in Resources */ = {isa = PBXBuildFile; fileRef = 84BD2A2A2B4291F9004E72EC /* newYear.usdz */; };
		84BD2A2C2B4291F9004E72EC /* newYear.usdz in Resources */ = {isa = PBXBuildFile; fileRef = 84BD2A2A2B4291F9004E72EC /* newYear.usdz */; };
/* End PBXBuildFile section */

/* Begin PBXContainerItemProxy section */
		8464902B2B0067D900418B05 /* PBXContainerItemProxy */ = {
			isa = PBXContainerItemProxy;
			containerPortal = 8464900E2B0067D500418B05 /* Project object */;
			proxyType = 1;
			remoteGlobalIDString = 846490152B0067D500418B05;
			remoteInfo = OpenvisionOS;
		};
/* End PBXContainerItemProxy section */

/* Begin PBXFileReference section */
		846490162B0067D500418B05 /* OpenvisionOS.app */ = {isa = PBXFileReference; explicitFileType = wrapper.application; includeInIndex = 0; path = OpenvisionOS.app; sourceTree = BUILT_PRODUCTS_DIR; };
		8464901A2B0067D500418B05 /* RealityKitContent */ = {isa = PBXFileReference; lastKnownFileType = wrapper; path = RealityKitContent; sourceTree = "<group>"; };
		8464901D2B0067D500418B05 /* OpenvisionOSApp.swift */ = {isa = PBXFileReference; lastKnownFileType = sourcecode.swift; path = OpenvisionOSApp.swift; sourceTree = "<group>"; };
		8464901F2B0067D500418B05 /* AirPodsMaxAnimation.swift */ = {isa = PBXFileReference; lastKnownFileType = sourcecode.swift; path = AirPodsMaxAnimation.swift; sourceTree = "<group>"; };
		846490212B0067D900418B05 /* Assets.xcassets */ = {isa = PBXFileReference; lastKnownFileType = folder.assetcatalog; path = Assets.xcassets; sourceTree = "<group>"; };
		846490242B0067D900418B05 /* Preview Assets.xcassets */ = {isa = PBXFileReference; lastKnownFileType = folder.assetcatalog; path = "Preview Assets.xcassets"; sourceTree = "<group>"; };
		8464902A2B0067D900418B05 /* OpenvisionOSTests.xctest */ = {isa = PBXFileReference; explicitFileType = wrapper.cfbundle; includeInIndex = 0; path = OpenvisionOSTests.xctest; sourceTree = BUILT_PRODUCTS_DIR; };
		8464902E2B0067D900418B05 /* OpenvisionOSTests.swift */ = {isa = PBXFileReference; lastKnownFileType = sourcecode.swift; path = OpenvisionOSTests.swift; sourceTree = "<group>"; };
		846490382B00680800418B05 /* Airpods_Max.usdz */ = {isa = PBXFileReference; lastKnownFileType = file.usdz; path = Airpods_Max.usdz; sourceTree = "<group>"; };
		8464903A2B006E3D00418B05 /* kulaklıksketchfab.usdz */ = {isa = PBXFileReference; lastKnownFileType = file.usdz; path = "kulaklıksketchfab.usdz"; sourceTree = "<group>"; };
		8464903C2B006E4900418B05 /* Airpods_Max_Pink.usdz */ = {isa = PBXFileReference; lastKnownFileType = file.usdz; path = Airpods_Max_Pink.usdz; sourceTree = "<group>"; };
		846683632B482421005E2879 /* FlowerPotView.swift */ = {isa = PBXFileReference; lastKnownFileType = sourcecode.swift; path = FlowerPotView.swift; sourceTree = "<group>"; };
		8466836B2B4833A1005E2879 /* Flower-Port.usdz */ = {isa = PBXFileReference; lastKnownFileType = file.usdz; path = "Flower-Port.usdz"; sourceTree = "<group>"; };
		8466836E2B4833BA005E2879 /* BgSparcle.usdz */ = {isa = PBXFileReference; lastKnownFileType = file.usdz; path = BgSparcle.usdz; sourceTree = "<group>"; };
		846683712B4833C4005E2879 /* pointSparkle.usdz */ = {isa = PBXFileReference; lastKnownFileType = file.usdz; path = pointSparkle.usdz; sourceTree = "<group>"; };
		84BD2A282B429191004E72EC /* NewYearFireworksTwentyFour.swift */ = {isa = PBXFileReference; lastKnownFileType = sourcecode.swift; path = NewYearFireworksTwentyFour.swift; sourceTree = "<group>"; };
		84BD2A2A2B4291F9004E72EC /* newYear.usdz */ = {isa = PBXFileReference; lastKnownFileType = file.usdz; path = newYear.usdz; sourceTree = "<group>"; };
/* End PBXFileReference section */

/* Begin PBXFrameworksBuildPhase section */
		846490132B0067D500418B05 /* Frameworks */ = {
			isa = PBXFrameworksBuildPhase;
			buildActionMask = 2147483647;
			files = (
				8464901C2B0067D500418B05 /* RealityKitContent in Frameworks */,
			);
			runOnlyForDeploymentPostprocessing = 0;
		};
		846490272B0067D900418B05 /* Frameworks */ = {
			isa = PBXFrameworksBuildPhase;
			buildActionMask = 2147483647;
			files = (
			);
			runOnlyForDeploymentPostprocessing = 0;
		};
/* End PBXFrameworksBuildPhase section */

/* Begin PBXGroup section */
		845B542B2B4910D200084428 /* AirPodsMax */ = {
			isa = PBXGroup;
			children = (
				846490382B00680800418B05 /* Airpods_Max.usdz */,
				8464903C2B006E4900418B05 /* Airpods_Max_Pink.usdz */,
				8464903A2B006E3D00418B05 /* kulaklıksketchfab.usdz */,
				8464901F2B0067D500418B05 /* AirPodsMaxAnimation.swift */,
			);
			path = AirPodsMax;
			sourceTree = "<group>";
		};
		845B542C2B4910FC00084428 /* NewYearFireworks */ = {
			isa = PBXGroup;
			children = (
				84BD2A2A2B4291F9004E72EC /* newYear.usdz */,
				84BD2A282B429191004E72EC /* NewYearFireworksTwentyFour.swift */,
			);
			path = NewYearFireworks;
			sourceTree = "<group>";
		};
		845B542E2B49113400084428 /* Own3DModel */ = {
			isa = PBXGroup;
			children = (
				8466836B2B4833A1005E2879 /* Flower-Port.usdz */,
				8466836E2B4833BA005E2879 /* BgSparcle.usdz */,
				846683712B4833C4005E2879 /* pointSparkle.usdz */,
				846683632B482421005E2879 /* FlowerPotView.swift */,
			);
			path = Own3DModel;
			sourceTree = "<group>";
		};
		8464900D2B0067D500418B05 = {
			isa = PBXGroup;
			children = (
				846490182B0067D500418B05 /* OpenvisionOS */,
				846490192B0067D500418B05 /* Packages */,
				8464902D2B0067D900418B05 /* OpenvisionOSTests */,
				846490172B0067D500418B05 /* Products */,
			);
			sourceTree = "<group>";
		};
		846490172B0067D500418B05 /* Products */ = {
			isa = PBXGroup;
			children = (
				846490162B0067D500418B05 /* OpenvisionOS.app */,
				8464902A2B0067D900418B05 /* OpenvisionOSTests.xctest */,
			);
			name = Products;
			sourceTree = "<group>";
		};
		846490182B0067D500418B05 /* OpenvisionOS */ = {
			isa = PBXGroup;
			children = (
				8464901D2B0067D500418B05 /* OpenvisionOSApp.swift */,
				845B542B2B4910D200084428 /* AirPodsMax */,
				845B542C2B4910FC00084428 /* NewYearFireworks */,
				845B542E2B49113400084428 /* Own3DModel */,
				846490212B0067D900418B05 /* Assets.xcassets */,
				846490232B0067D900418B05 /* Preview Content */,
			);
			path = OpenvisionOS;
			sourceTree = "<group>";
		};
		846490192B0067D500418B05 /* Packages */ = {
			isa = PBXGroup;
			children = (
				8464901A2B0067D500418B05 /* RealityKitContent */,
			);
			path = Packages;
			sourceTree = "<group>";
		};
		846490232B0067D900418B05 /* Preview Content */ = {
			isa = PBXGroup;
			children = (
				846490242B0067D900418B05 /* Preview Assets.xcassets */,
			);
			path = "Preview Content";
			sourceTree = "<group>";
		};
		8464902D2B0067D900418B05 /* OpenvisionOSTests */ = {
			isa = PBXGroup;
			children = (
				8464902E2B0067D900418B05 /* OpenvisionOSTests.swift */,
			);
			path = OpenvisionOSTests;
			sourceTree = "<group>";
		};
/* End PBXGroup section */

/* Begin PBXNativeTarget section */
		846490152B0067D500418B05 /* OpenvisionOS */ = {
			isa = PBXNativeTarget;
			buildConfigurationList = 846490322B0067D900418B05 /* Build configuration list for PBXNativeTarget "OpenvisionOS" */;
			buildPhases = (
				846490122B0067D500418B05 /* Sources */,
				846490132B0067D500418B05 /* Frameworks */,
				846490142B0067D500418B05 /* Resources */,
			);
			buildRules = (
			);
			dependencies = (
			);
			name = OpenvisionOS;
			packageProductDependencies = (
				8464901B2B0067D500418B05 /* RealityKitContent */,
			);
			productName = OpenvisionOS;
			productReference = 846490162B0067D500418B05 /* OpenvisionOS.app */;
			productType = "com.apple.product-type.application";
		};
		846490292B0067D900418B05 /* OpenvisionOSTests */ = {
			isa = PBXNativeTarget;
			buildConfigurationList = 846490352B0067D900418B05 /* Build configuration list for PBXNativeTarget "OpenvisionOSTests" */;
			buildPhases = (
				846490262B0067D900418B05 /* Sources */,
				846490272B0067D900418B05 /* Frameworks */,
				846490282B0067D900418B05 /* Resources */,
			);
			buildRules = (
			);
			dependencies = (
				8464902C2B0067D900418B05 /* PBXTargetDependency */,
			);
			name = OpenvisionOSTests;
			productName = OpenvisionOSTests;
			productReference = 8464902A2B0067D900418B05 /* OpenvisionOSTests.xctest */;
			productType = "com.apple.product-type.bundle.unit-test";
		};
/* End PBXNativeTarget section */

/* Begin PBXProject section */
		8464900E2B0067D500418B05 /* Project object */ = {
			isa = PBXProject;
			attributes = {
				BuildIndependentTargetsInParallel = 1;
				LastSwiftUpdateCheck = 1500;
				LastUpgradeCheck = 1500;
				TargetAttributes = {
					846490152B0067D500418B05 = {
						CreatedOnToolsVersion = 15.0;
					};
					846490292B0067D900418B05 = {
						CreatedOnToolsVersion = 15.0;
						TestTargetID = 846490152B0067D500418B05;
					};
				};
			};
			buildConfigurationList = 846490112B0067D500418B05 /* Build configuration list for PBXProject "OpenvisionOS" */;
			compatibilityVersion = "Xcode 14.0";
			developmentRegion = en;
			hasScannedForEncodings = 0;
			knownRegions = (
				en,
				Base,
			);
			mainGroup = 8464900D2B0067D500418B05;
			productRefGroup = 846490172B0067D500418B05 /* Products */;
			projectDirPath = "";
			projectRoot = "";
			targets = (
				846490152B0067D500418B05 /* OpenvisionOS */,
				846490292B0067D900418B05 /* OpenvisionOSTests */,
			);
		};
/* End PBXProject section */

/* Begin PBXResourcesBuildPhase section */
		846490142B0067D500418B05 /* Resources */ = {
			isa = PBXResourcesBuildPhase;
			buildActionMask = 2147483647;
			files = (
				846490392B00680800418B05 /* Airpods_Max.usdz in Resources */,
				8464903B2B006E3D00418B05 /* kulaklıksketchfab.usdz in Resources */,
				8466836C2B4833A1005E2879 /* Flower-Port.usdz in Resources */,
				846490252B0067D900418B05 /* Preview Assets.xcassets in Resources */,
				846490222B0067D900418B05 /* Assets.xcassets in Resources */,
				8466836F2B4833BA005E2879 /* BgSparcle.usdz in Resources */,
				8464903D2B006E4900418B05 /* Airpods_Max_Pink.usdz in Resources */,
				846683722B4833C4005E2879 /* pointSparkle.usdz in Resources */,
				84BD2A2B2B4291F9004E72EC /* newYear.usdz in Resources */,
			);
			runOnlyForDeploymentPostprocessing = 0;
		};
		846490282B0067D900418B05 /* Resources */ = {
			isa = PBXResourcesBuildPhase;
			buildActionMask = 2147483647;
			files = (
				846683702B4833BA005E2879 /* BgSparcle.usdz in Resources */,
				846683732B4833C4005E2879 /* pointSparkle.usdz in Resources */,
				84BD2A2C2B4291F9004E72EC /* newYear.usdz in Resources */,
				8466836D2B4833A1005E2879 /* Flower-Port.usdz in Resources */,
			);
			runOnlyForDeploymentPostprocessing = 0;
		};
/* End PBXResourcesBuildPhase section */

/* Begin PBXSourcesBuildPhase section */
		846490122B0067D500418B05 /* Sources */ = {
			isa = PBXSourcesBuildPhase;
			buildActionMask = 2147483647;
			files = (
				846490202B0067D500418B05 /* AirPodsMaxAnimation.swift in Sources */,
				84BD2A292B429191004E72EC /* NewYearFireworksTwentyFour.swift in Sources */,
				8464901E2B0067D500418B05 /* OpenvisionOSApp.swift in Sources */,
				846683642B482421005E2879 /* FlowerPotView.swift in Sources */,
			);
			runOnlyForDeploymentPostprocessing = 0;
		};
		846490262B0067D900418B05 /* Sources */ = {
			isa = PBXSourcesBuildPhase;
			buildActionMask = 2147483647;
			files = (
				845B542D2B49112600084428 /* NewYearFireworksTwentyFour.swift in Sources */,
				8464902F2B0067D900418B05 /* OpenvisionOSTests.swift in Sources */,
				845B542F2B49117200084428 /* FlowerPotView.swift in Sources */,
			);
			runOnlyForDeploymentPostprocessing = 0;
		};
/* End PBXSourcesBuildPhase section */

/* Begin PBXTargetDependency section */
		8464902C2B0067D900418B05 /* PBXTargetDependency */ = {
			isa = PBXTargetDependency;
			target = 846490152B0067D500418B05 /* OpenvisionOS */;
			targetProxy = 8464902B2B0067D900418B05 /* PBXContainerItemProxy */;
		};
/* End PBXTargetDependency section */

/* Begin XCBuildConfiguration section */
		846490302B0067D900418B05 /* Debug */ = {
			isa = XCBuildConfiguration;
			buildSettings = {
				ALWAYS_SEARCH_USER_PATHS = NO;
				ASSETCATALOG_COMPILER_GENERATE_SWIFT_ASSET_SYMBOL_EXTENSIONS = YES;
				CLANG_ANALYZER_NONNULL = YES;
				CLANG_ANALYZER_NUMBER_OBJECT_CONVERSION = YES_AGGRESSIVE;
				CLANG_CXX_LANGUAGE_STANDARD = "gnu++20";
				CLANG_ENABLE_MODULES = YES;
				CLANG_ENABLE_OBJC_ARC = YES;
				CLANG_ENABLE_OBJC_WEAK = YES;
				CLANG_WARN_BLOCK_CAPTURE_AUTORELEASING = YES;
				CLANG_WARN_BOOL_CONVERSION = YES;
				CLANG_WARN_COMMA = YES;
				CLANG_WARN_CONSTANT_CONVERSION = YES;
				CLANG_WARN_DEPRECATED_OBJC_IMPLEMENTATIONS = YES;
				CLANG_WARN_DIRECT_OBJC_ISA_USAGE = YES_ERROR;
				CLANG_WARN_DOCUMENTATION_COMMENTS = YES;
				CLANG_WARN_EMPTY_BODY = YES;
				CLANG_WARN_ENUM_CONVERSION = YES;
				CLANG_WARN_INFINITE_RECURSION = YES;
				CLANG_WARN_INT_CONVERSION = YES;
				CLANG_WARN_NON_LITERAL_NULL_CONVERSION = YES;
				CLANG_WARN_OBJC_IMPLICIT_RETAIN_SELF = YES;
				CLANG_WARN_OBJC_LITERAL_CONVERSION = YES;
				CLANG_WARN_OBJC_ROOT_CLASS = YES_ERROR;
				CLANG_WARN_QUOTED_INCLUDE_IN_FRAMEWORK_HEADER = YES;
				CLANG_WARN_RANGE_LOOP_ANALYSIS = YES;
				CLANG_WARN_STRICT_PROTOTYPES = YES;
				CLANG_WARN_SUSPICIOUS_MOVE = YES;
				CLANG_WARN_UNGUARDED_AVAILABILITY = YES_AGGRESSIVE;
				CLANG_WARN_UNREACHABLE_CODE = YES;
				CLANG_WARN__DUPLICATE_METHOD_MATCH = YES;
				COPY_PHASE_STRIP = NO;
				DEBUG_INFORMATION_FORMAT = dwarf;
				ENABLE_STRICT_OBJC_MSGSEND = YES;
				ENABLE_TESTABILITY = YES;
				ENABLE_USER_SCRIPT_SANDBOXING = YES;
				GCC_C_LANGUAGE_STANDARD = gnu17;
				GCC_DYNAMIC_NO_PIC = NO;
				GCC_NO_COMMON_BLOCKS = YES;
				GCC_OPTIMIZATION_LEVEL = 0;
				GCC_PREPROCESSOR_DEFINITIONS = (
					"DEBUG=1",
					"$(inherited)",
				);
				GCC_WARN_64_TO_32_BIT_CONVERSION = YES;
				GCC_WARN_ABOUT_RETURN_TYPE = YES_ERROR;
				GCC_WARN_UNDECLARED_SELECTOR = YES;
				GCC_WARN_UNINITIALIZED_AUTOS = YES_AGGRESSIVE;
				GCC_WARN_UNUSED_FUNCTION = YES;
				GCC_WARN_UNUSED_VARIABLE = YES;
				LOCALIZATION_PREFERS_STRING_CATALOGS = YES;
				MTL_ENABLE_DEBUG_INFO = INCLUDE_SOURCE;
				MTL_FAST_MATH = YES;
				ONLY_ACTIVE_ARCH = YES;
				SDKROOT = xros;
				SWIFT_ACTIVE_COMPILATION_CONDITIONS = "DEBUG $(inherited)";
				SWIFT_OPTIMIZATION_LEVEL = "-Onone";
				XROS_DEPLOYMENT_TARGET = 1.0;
			};
			name = Debug;
		};
		846490312B0067D900418B05 /* Release */ = {
			isa = XCBuildConfiguration;
			buildSettings = {
				ALWAYS_SEARCH_USER_PATHS = NO;
				ASSETCATALOG_COMPILER_GENERATE_SWIFT_ASSET_SYMBOL_EXTENSIONS = YES;
				CLANG_ANALYZER_NONNULL = YES;
				CLANG_ANALYZER_NUMBER_OBJECT_CONVERSION = YES_AGGRESSIVE;
				CLANG_CXX_LANGUAGE_STANDARD = "gnu++20";
				CLANG_ENABLE_MODULES = YES;
				CLANG_ENABLE_OBJC_ARC = YES;
				CLANG_ENABLE_OBJC_WEAK = YES;
				CLANG_WARN_BLOCK_CAPTURE_AUTORELEASING = YES;
				CLANG_WARN_BOOL_CONVERSION = YES;
				CLANG_WARN_COMMA = YES;
				CLANG_WARN_CONSTANT_CONVERSION = YES;
				CLANG_WARN_DEPRECATED_OBJC_IMPLEMENTATIONS = YES;
				CLANG_WARN_DIRECT_OBJC_ISA_USAGE = YES_ERROR;
				CLANG_WARN_DOCUMENTATION_COMMENTS = YES;
				CLANG_WARN_EMPTY_BODY = YES;
				CLANG_WARN_ENUM_CONVERSION = YES;
				CLANG_WARN_INFINITE_RECURSION = YES;
				CLANG_WARN_INT_CONVERSION = YES;
				CLANG_WARN_NON_LITERAL_NULL_CONVERSION = YES;
				CLANG_WARN_OBJC_IMPLICIT_RETAIN_SELF = YES;
				CLANG_WARN_OBJC_LITERAL_CONVERSION = YES;
				CLANG_WARN_OBJC_ROOT_CLASS = YES_ERROR;
				CLANG_WARN_QUOTED_INCLUDE_IN_FRAMEWORK_HEADER = YES;
				CLANG_WARN_RANGE_LOOP_ANALYSIS = YES;
				CLANG_WARN_STRICT_PROTOTYPES = YES;
				CLANG_WARN_SUSPICIOUS_MOVE = YES;
				CLANG_WARN_UNGUARDED_AVAILABILITY = YES_AGGRESSIVE;
				CLANG_WARN_UNREACHABLE_CODE = YES;
				CLANG_WARN__DUPLICATE_METHOD_MATCH = YES;
				COPY_PHASE_STRIP = NO;
				DEBUG_INFORMATION_FORMAT = "dwarf-with-dsym";
				ENABLE_NS_ASSERTIONS = NO;
				ENABLE_STRICT_OBJC_MSGSEND = YES;
				ENABLE_USER_SCRIPT_SANDBOXING = YES;
				GCC_C_LANGUAGE_STANDARD = gnu17;
				GCC_NO_COMMON_BLOCKS = YES;
				GCC_WARN_64_TO_32_BIT_CONVERSION = YES;
				GCC_WARN_ABOUT_RETURN_TYPE = YES_ERROR;
				GCC_WARN_UNDECLARED_SELECTOR = YES;
				GCC_WARN_UNINITIALIZED_AUTOS = YES_AGGRESSIVE;
				GCC_WARN_UNUSED_FUNCTION = YES;
				GCC_WARN_UNUSED_VARIABLE = YES;
				LOCALIZATION_PREFERS_STRING_CATALOGS = YES;
				MTL_ENABLE_DEBUG_INFO = NO;
				MTL_FAST_MATH = YES;
				SDKROOT = xros;
				SWIFT_COMPILATION_MODE = wholemodule;
				VALIDATE_PRODUCT = YES;
				XROS_DEPLOYMENT_TARGET = 1.0;
			};
			name = Release;
		};
		846490332B0067D900418B05 /* Debug */ = {
			isa = XCBuildConfiguration;
			buildSettings = {
				ASSETCATALOG_COMPILER_APPICON_NAME = AppIcon;
				ASSETCATALOG_COMPILER_GLOBAL_ACCENT_COLOR_NAME = AccentColor;
				CODE_SIGN_STYLE = Automatic;
				CURRENT_PROJECT_VERSION = 1;
				DEVELOPMENT_ASSET_PATHS = "\"OpenvisionOS/Preview Content\"";
				ENABLE_PREVIEWS = YES;
				GENERATE_INFOPLIST_FILE = YES;
				INFOPLIST_KEY_UIApplicationSceneManifest_Generation = YES;
				LD_RUNPATH_SEARCH_PATHS = (
					"$(inherited)",
					"@executable_path/Frameworks",
				);
				MARKETING_VERSION = 1.0;
				PRODUCT_BUNDLE_IDENTIFIER = com.amosgyamfi.OpenvisionOS;
				PRODUCT_NAME = "$(TARGET_NAME)";
				SUPPORTED_PLATFORMS = "xros xrsimulator";
				SWIFT_EMIT_LOC_STRINGS = YES;
				SWIFT_VERSION = 5.0;
				TARGETED_DEVICE_FAMILY = "1,2,7";
			};
			name = Debug;
		};
		846490342B0067D900418B05 /* Release */ = {
			isa = XCBuildConfiguration;
			buildSettings = {
				ASSETCATALOG_COMPILER_APPICON_NAME = AppIcon;
				ASSETCATALOG_COMPILER_GLOBAL_ACCENT_COLOR_NAME = AccentColor;
				CODE_SIGN_STYLE = Automatic;
				CURRENT_PROJECT_VERSION = 1;
				DEVELOPMENT_ASSET_PATHS = "\"OpenvisionOS/Preview Content\"";
				ENABLE_PREVIEWS = YES;
				GENERATE_INFOPLIST_FILE = YES;
				INFOPLIST_KEY_UIApplicationSceneManifest_Generation = YES;
				LD_RUNPATH_SEARCH_PATHS = (
					"$(inherited)",
					"@executable_path/Frameworks",
				);
				MARKETING_VERSION = 1.0;
				PRODUCT_BUNDLE_IDENTIFIER = com.amosgyamfi.OpenvisionOS;
				PRODUCT_NAME = "$(TARGET_NAME)";
				SUPPORTED_PLATFORMS = "xros xrsimulator";
				SWIFT_EMIT_LOC_STRINGS = YES;
				SWIFT_VERSION = 5.0;
				TARGETED_DEVICE_FAMILY = "1,2,7";
			};
			name = Release;
		};
		846490362B0067D900418B05 /* Debug */ = {
			isa = XCBuildConfiguration;
			buildSettings = {
				ALWAYS_EMBED_SWIFT_STANDARD_LIBRARIES = YES;
				BUNDLE_LOADER = "$(TEST_HOST)";
				CODE_SIGN_STYLE = Automatic;
				CURRENT_PROJECT_VERSION = 1;
				GENERATE_INFOPLIST_FILE = YES;
				MARKETING_VERSION = 1.0;
				PRODUCT_BUNDLE_IDENTIFIER = com.amosgyamfi.OpenvisionOSTests;
				PRODUCT_NAME = "$(TARGET_NAME)";
				SUPPORTED_PLATFORMS = "xros xrsimulator";
				SWIFT_EMIT_LOC_STRINGS = NO;
				SWIFT_VERSION = 5.0;
				TARGETED_DEVICE_FAMILY = "1,2,7";
				TEST_HOST = "$(BUILT_PRODUCTS_DIR)/OpenvisionOS.app/$(BUNDLE_EXECUTABLE_FOLDER_PATH)/OpenvisionOS";
				XROS_DEPLOYMENT_TARGET = 1.0;
			};
			name = Debug;
		};
		846490372B0067D900418B05 /* Release */ = {
			isa = XCBuildConfiguration;
			buildSettings = {
				ALWAYS_EMBED_SWIFT_STANDARD_LIBRARIES = YES;
				BUNDLE_LOADER = "$(TEST_HOST)";
				CODE_SIGN_STYLE = Automatic;
				CURRENT_PROJECT_VERSION = 1;
				GENERATE_INFOPLIST_FILE = YES;
				MARKETING_VERSION = 1.0;
				PRODUCT_BUNDLE_IDENTIFIER = com.amosgyamfi.OpenvisionOSTests;
				PRODUCT_NAME = "$(TARGET_NAME)";
				SUPPORTED_PLATFORMS = "xros xrsimulator";
				SWIFT_EMIT_LOC_STRINGS = NO;
				SWIFT_VERSION = 5.0;
				TARGETED_DEVICE_FAMILY = "1,2,7";
				TEST_HOST = "$(BUILT_PRODUCTS_DIR)/OpenvisionOS.app/$(BUNDLE_EXECUTABLE_FOLDER_PATH)/OpenvisionOS";
				XROS_DEPLOYMENT_TARGET = 1.0;
			};
			name = Release;
		};
/* End XCBuildConfiguration section */

/* Begin XCConfigurationList section */
		846490112B0067D500418B05 /* Build configuration list for PBXProject "OpenvisionOS" */ = {
			isa = XCConfigurationList;
			buildConfigurations = (
				846490302B0067D900418B05 /* Debug */,
				846490312B0067D900418B05 /* Release */,
			);
			defaultConfigurationIsVisible = 0;
			defaultConfigurationName = Release;
		};
		846490322B0067D900418B05 /* Build configuration list for PBXNativeTarget "OpenvisionOS" */ = {
			isa = XCConfigurationList;
			buildConfigurations = (
				846490332B0067D900418B05 /* Debug */,
				846490342B0067D900418B05 /* Release */,
			);
			defaultConfigurationIsVisible = 0;
			defaultConfigurationName = Release;
		};
		846490352B0067D900418B05 /* Build configuration list for PBXNativeTarget "OpenvisionOSTests" */ = {
			isa = XCConfigurationList;
			buildConfigurations = (
				846490362B0067D900418B05 /* Debug */,
				846490372B0067D900418B05 /* Release */,
			);
			defaultConfigurationIsVisible = 0;
			defaultConfigurationName = Release;
		};
/* End XCConfigurationList section */

/* Begin XCSwiftPackageProductDependency section */
		8464901B2B0067D500418B05 /* RealityKitContent */ = {
			isa = XCSwiftPackageProductDependency;
			productName = RealityKitContent;
		};
/* End XCSwiftPackageProductDependency section */
	};
	rootObject = 8464900E2B0067D500418B05 /* Project object */;
}
